// !$*UTF8*$!
{
	archiveVersion = 1;
	classes = {
	};
	objectVersion = 56;
	objects = {

/* Begin PBXBuildFile section */
		6571FB1629B5451B00C3D997 /* CoreKit.docc in Sources */ = {isa = PBXBuildFile; fileRef = 6571FB1529B5451B00C3D997 /* CoreKit.docc */; };
		6571FB1C29B5451B00C3D997 /* CoreKit.framework in Frameworks */ = {isa = PBXBuildFile; fileRef = 6571FB1129B5451B00C3D997 /* CoreKit.framework */; };
		6571FB2129B5451B00C3D997 /* CoreKitTests.swift in Sources */ = {isa = PBXBuildFile; fileRef = 6571FB2029B5451B00C3D997 /* CoreKitTests.swift */; };
		6571FB2229B5451B00C3D997 /* CoreKit.h in Headers */ = {isa = PBXBuildFile; fileRef = 6571FB1429B5451B00C3D997 /* CoreKit.h */; settings = {ATTRIBUTES = (Public, ); }; };
		6571FB6A29B5453F00C3D997 /* CheckRegexText.swift in Sources */ = {isa = PBXBuildFile; fileRef = 6571FB5229B5453F00C3D997 /* CheckRegexText.swift */; };
		6571FB6B29B5453F00C3D997 /* NetwrokPaths.swift in Sources */ = {isa = PBXBuildFile; fileRef = 6571FB5429B5453F00C3D997 /* NetwrokPaths.swift */; };
		6571FB6C29B5453F00C3D997 /* FontsConstants.swift in Sources */ = {isa = PBXBuildFile; fileRef = 6571FB5629B5453F00C3D997 /* FontsConstants.swift */; };
		6571FB6D29B5453F00C3D997 /* AnimationConstants.swift in Sources */ = {isa = PBXBuildFile; fileRef = 6571FB5729B5453F00C3D997 /* AnimationConstants.swift */; };
		6571FB6E29B5453F00C3D997 /* CustomAppColor.swift in Sources */ = {isa = PBXBuildFile; fileRef = 6571FB5829B5453F00C3D997 /* CustomAppColor.swift */; };
		6571FB6F29B5453F00C3D997 /* ImageConstants.swift in Sources */ = {isa = PBXBuildFile; fileRef = 6571FB5929B5453F00C3D997 /* ImageConstants.swift */; };
		6571FB7029B5453F00C3D997 /* UIView+Extensions.swift in Sources */ = {isa = PBXBuildFile; fileRef = 6571FB5B29B5453F00C3D997 /* UIView+Extensions.swift */; };
		6571FB7129B5453F00C3D997 /* Rancho-Regular.ttf in Resources */ = {isa = PBXBuildFile; fileRef = 6571FB5D29B5453F00C3D997 /* Rancho-Regular.ttf */; };
		6571FB7229B5453F00C3D997 /* Avenir-Medium.otf in Resources */ = {isa = PBXBuildFile; fileRef = 6571FB5E29B5453F00C3D997 /* Avenir-Medium.otf */; };
		6571FB7329B5453F00C3D997 /* AvenirLTStd-Black.otf in Resources */ = {isa = PBXBuildFile; fileRef = 6571FB5F29B5453F00C3D997 /* AvenirLTStd-Black.otf */; };
		6571FB7429B5453F00C3D997 /* Poppins-Regular.ttf in Resources */ = {isa = PBXBuildFile; fileRef = 6571FB6029B5453F00C3D997 /* Poppins-Regular.ttf */; };
		6571FB7529B5453F00C3D997 /* AvenirLTStd-Book.otf in Resources */ = {isa = PBXBuildFile; fileRef = 6571FB6129B5453F00C3D997 /* AvenirLTStd-Book.otf */; };
		6571FB7629B5453F00C3D997 /* AvenirLTStd-Roman.otf in Resources */ = {isa = PBXBuildFile; fileRef = 6571FB6229B5453F00C3D997 /* AvenirLTStd-Roman.otf */; };
		6571FB7729B5453F00C3D997 /* BaseLogger.swift in Sources */ = {isa = PBXBuildFile; fileRef = 6571FB6529B5453F00C3D997 /* BaseLogger.swift */; };
		6571FB7829B5453F00C3D997 /* BaseErrorModel.swift in Sources */ = {isa = PBXBuildFile; fileRef = 6571FB6729B5453F00C3D997 /* BaseErrorModel.swift */; };
		6571FB7929B5453F00C3D997 /* BaseVC.swift in Sources */ = {isa = PBXBuildFile; fileRef = 6571FB6929B5453F00C3D997 /* BaseVC.swift */; };
		6571FB8A29B545A200C3D997 /* Alamofire in Frameworks */ = {isa = PBXBuildFile; productRef = 6571FB8929B545A200C3D997 /* Alamofire */; };
/* End PBXBuildFile section */

/* Begin PBXContainerItemProxy section */
		6571FB1D29B5451B00C3D997 /* PBXContainerItemProxy */ = {
			isa = PBXContainerItemProxy;
			containerPortal = 6571FB0829B5451B00C3D997 /* Project object */;
			proxyType = 1;
			remoteGlobalIDString = 6571FB1029B5451B00C3D997;
			remoteInfo = CoreKit;
		};
/* End PBXContainerItemProxy section */

/* Begin PBXFileReference section */
		6571FB1129B5451B00C3D997 /* CoreKit.framework */ = {isa = PBXFileReference; explicitFileType = wrapper.framework; includeInIndex = 0; path = CoreKit.framework; sourceTree = BUILT_PRODUCTS_DIR; };
		6571FB1429B5451B00C3D997 /* CoreKit.h */ = {isa = PBXFileReference; lastKnownFileType = sourcecode.c.h; path = CoreKit.h; sourceTree = "<group>"; };
		6571FB1529B5451B00C3D997 /* CoreKit.docc */ = {isa = PBXFileReference; lastKnownFileType = folder.documentationcatalog; path = CoreKit.docc; sourceTree = "<group>"; };
		6571FB1B29B5451B00C3D997 /* CoreKitTests.xctest */ = {isa = PBXFileReference; explicitFileType = wrapper.cfbundle; includeInIndex = 0; path = CoreKitTests.xctest; sourceTree = BUILT_PRODUCTS_DIR; };
		6571FB2029B5451B00C3D997 /* CoreKitTests.swift */ = {isa = PBXFileReference; lastKnownFileType = sourcecode.swift; path = CoreKitTests.swift; sourceTree = "<group>"; };
		6571FB5229B5453F00C3D997 /* CheckRegexText.swift */ = {isa = PBXFileReference; fileEncoding = 4; lastKnownFileType = sourcecode.swift; path = CheckRegexText.swift; sourceTree = "<group>"; };
		6571FB5429B5453F00C3D997 /* NetwrokPaths.swift */ = {isa = PBXFileReference; fileEncoding = 4; lastKnownFileType = sourcecode.swift; path = NetwrokPaths.swift; sourceTree = "<group>"; };
		6571FB5629B5453F00C3D997 /* FontsConstants.swift */ = {isa = PBXFileReference; fileEncoding = 4; lastKnownFileType = sourcecode.swift; path = FontsConstants.swift; sourceTree = "<group>"; };
		6571FB5729B5453F00C3D997 /* AnimationConstants.swift */ = {isa = PBXFileReference; fileEncoding = 4; lastKnownFileType = sourcecode.swift; path = AnimationConstants.swift; sourceTree = "<group>"; };
		6571FB5829B5453F00C3D997 /* CustomAppColor.swift */ = {isa = PBXFileReference; fileEncoding = 4; lastKnownFileType = sourcecode.swift; path = CustomAppColor.swift; sourceTree = "<group>"; };
		6571FB5929B5453F00C3D997 /* ImageConstants.swift */ = {isa = PBXFileReference; fileEncoding = 4; lastKnownFileType = sourcecode.swift; path = ImageConstants.swift; sourceTree = "<group>"; };
		6571FB5B29B5453F00C3D997 /* UIView+Extensions.swift */ = {isa = PBXFileReference; fileEncoding = 4; lastKnownFileType = sourcecode.swift; path = "UIView+Extensions.swift"; sourceTree = "<group>"; };
		6571FB5D29B5453F00C3D997 /* Rancho-Regular.ttf */ = {isa = PBXFileReference; lastKnownFileType = file; path = "Rancho-Regular.ttf"; sourceTree = "<group>"; };
		6571FB5E29B5453F00C3D997 /* Avenir-Medium.otf */ = {isa = PBXFileReference; lastKnownFileType = file; path = "Avenir-Medium.otf"; sourceTree = "<group>"; };
		6571FB5F29B5453F00C3D997 /* AvenirLTStd-Black.otf */ = {isa = PBXFileReference; lastKnownFileType = file; path = "AvenirLTStd-Black.otf"; sourceTree = "<group>"; };
		6571FB6029B5453F00C3D997 /* Poppins-Regular.ttf */ = {isa = PBXFileReference; lastKnownFileType = file; path = "Poppins-Regular.ttf"; sourceTree = "<group>"; };
		6571FB6129B5453F00C3D997 /* AvenirLTStd-Book.otf */ = {isa = PBXFileReference; lastKnownFileType = file; path = "AvenirLTStd-Book.otf"; sourceTree = "<group>"; };
		6571FB6229B5453F00C3D997 /* AvenirLTStd-Roman.otf */ = {isa = PBXFileReference; lastKnownFileType = file; path = "AvenirLTStd-Roman.otf"; sourceTree = "<group>"; };
		6571FB6529B5453F00C3D997 /* BaseLogger.swift */ = {isa = PBXFileReference; fileEncoding = 4; lastKnownFileType = sourcecode.swift; path = BaseLogger.swift; sourceTree = "<group>"; };
		6571FB6729B5453F00C3D997 /* BaseErrorModel.swift */ = {isa = PBXFileReference; fileEncoding = 4; lastKnownFileType = sourcecode.swift; path = BaseErrorModel.swift; sourceTree = "<group>"; };
		6571FB6929B5453F00C3D997 /* BaseVC.swift */ = {isa = PBXFileReference; fileEncoding = 4; lastKnownFileType = sourcecode.swift; path = BaseVC.swift; sourceTree = "<group>"; };
/* End PBXFileReference section */

/* Begin PBXFrameworksBuildPhase section */
		6571FB0E29B5451B00C3D997 /* Frameworks */ = {
			isa = PBXFrameworksBuildPhase;
			buildActionMask = 2147483647;
			files = (
				6571FB8A29B545A200C3D997 /* Alamofire in Frameworks */,
			);
			runOnlyForDeploymentPostprocessing = 0;
		};
		6571FB1829B5451B00C3D997 /* Frameworks */ = {
			isa = PBXFrameworksBuildPhase;
			buildActionMask = 2147483647;
			files = (
				6571FB1C29B5451B00C3D997 /* CoreKit.framework in Frameworks */,
			);
			runOnlyForDeploymentPostprocessing = 0;
		};
/* End PBXFrameworksBuildPhase section */

/* Begin PBXGroup section */
		6571FB0729B5451B00C3D997 = {
			isa = PBXGroup;
			children = (
				6571FB1329B5451B00C3D997 /* CoreKit */,
				6571FB1F29B5451B00C3D997 /* CoreKitTests */,
				6571FB1229B5451B00C3D997 /* Products */,
			);
			sourceTree = "<group>";
		};
		6571FB1229B5451B00C3D997 /* Products */ = {
			isa = PBXGroup;
			children = (
				6571FB1129B5451B00C3D997 /* CoreKit.framework */,
				6571FB1B29B5451B00C3D997 /* CoreKitTests.xctest */,
			);
			name = Products;
			sourceTree = "<group>";
		};
		6571FB1329B5451B00C3D997 /* CoreKit */ = {
			isa = PBXGroup;
			children = (
				6571FB4F29B5453F00C3D997 /* Kit */,
				6571FB1429B5451B00C3D997 /* CoreKit.h */,
				6571FB1529B5451B00C3D997 /* CoreKit.docc */,
			);
			path = CoreKit;
			sourceTree = "<group>";
		};
		6571FB1F29B5451B00C3D997 /* CoreKitTests */ = {
			isa = PBXGroup;
			children = (
				6571FB2029B5451B00C3D997 /* CoreKitTests.swift */,
			);
			path = CoreKitTests;
			sourceTree = "<group>";
		};
		6571FB4F29B5453F00C3D997 /* Kit */ = {
			isa = PBXGroup;
			children = (
				6571FB5029B5453F00C3D997 /* Constants */,
				6571FB5A29B5453F00C3D997 /* Extensions */,
				6571FB5C29B5453F00C3D997 /* Assets */,
				6571FB6329B5453F00C3D997 /* Base */,
			);
			path = Kit;
			sourceTree = "<group>";
		};
		6571FB5029B5453F00C3D997 /* Constants */ = {
			isa = PBXGroup;
			children = (
				6571FB5129B5453F00C3D997 /* App */,
				6571FB5329B5453F00C3D997 /* Enum */,
				6571FB5529B5453F00C3D997 /* Assets */,
			);
			path = Constants;
			sourceTree = "<group>";
		};
		6571FB5129B5453F00C3D997 /* App */ = {
			isa = PBXGroup;
			children = (
				6571FB5229B5453F00C3D997 /* CheckRegexText.swift */,
			);
			path = App;
			sourceTree = "<group>";
		};
		6571FB5329B5453F00C3D997 /* Enum */ = {
			isa = PBXGroup;
			children = (
				6571FB5429B5453F00C3D997 /* NetwrokPaths.swift */,
			);
			path = Enum;
			sourceTree = "<group>";
		};
		6571FB5529B5453F00C3D997 /* Assets */ = {
			isa = PBXGroup;
			children = (
				6571FB5629B5453F00C3D997 /* FontsConstants.swift */,
				6571FB5729B5453F00C3D997 /* AnimationConstants.swift */,
				6571FB5829B5453F00C3D997 /* CustomAppColor.swift */,
				6571FB5929B5453F00C3D997 /* ImageConstants.swift */,
			);
			path = Assets;
			sourceTree = "<group>";
		};
		6571FB5A29B5453F00C3D997 /* Extensions */ = {
			isa = PBXGroup;
			children = (
				6571FB5B29B5453F00C3D997 /* UIView+Extensions.swift */,
			);
			path = Extensions;
			sourceTree = "<group>";
		};
		6571FB5C29B5453F00C3D997 /* Assets */ = {
			isa = PBXGroup;
			children = (
				6571FB5D29B5453F00C3D997 /* Rancho-Regular.ttf */,
				6571FB5E29B5453F00C3D997 /* Avenir-Medium.otf */,
				6571FB5F29B5453F00C3D997 /* AvenirLTStd-Black.otf */,
				6571FB6029B5453F00C3D997 /* Poppins-Regular.ttf */,
				6571FB6129B5453F00C3D997 /* AvenirLTStd-Book.otf */,
				6571FB6229B5453F00C3D997 /* AvenirLTStd-Roman.otf */,
			);
			path = Assets;
			sourceTree = "<group>";
		};
		6571FB6329B5453F00C3D997 /* Base */ = {
			isa = PBXGroup;
			children = (
				6571FB6429B5453F00C3D997 /* Logger */,
				6571FB6629B5453F00C3D997 /* Model */,
				6571FB6829B5453F00C3D997 /* View */,
			);
			path = Base;
			sourceTree = "<group>";
		};
		6571FB6429B5453F00C3D997 /* Logger */ = {
			isa = PBXGroup;
			children = (
				6571FB6529B5453F00C3D997 /* BaseLogger.swift */,
			);
			path = Logger;
			sourceTree = "<group>";
		};
		6571FB6629B5453F00C3D997 /* Model */ = {
			isa = PBXGroup;
			children = (
				6571FB6729B5453F00C3D997 /* BaseErrorModel.swift */,
			);
			path = Model;
			sourceTree = "<group>";
		};
		6571FB6829B5453F00C3D997 /* View */ = {
			isa = PBXGroup;
			children = (
				6571FB6929B5453F00C3D997 /* BaseVC.swift */,
			);
			path = View;
			sourceTree = "<group>";
		};
/* End PBXGroup section */

/* Begin PBXHeadersBuildPhase section */
		6571FB0C29B5451B00C3D997 /* Headers */ = {
			isa = PBXHeadersBuildPhase;
			buildActionMask = 2147483647;
			files = (
				6571FB2229B5451B00C3D997 /* CoreKit.h in Headers */,
			);
			runOnlyForDeploymentPostprocessing = 0;
		};
/* End PBXHeadersBuildPhase section */

/* Begin PBXNativeTarget section */
		6571FB1029B5451B00C3D997 /* CoreKit */ = {
			isa = PBXNativeTarget;
			buildConfigurationList = 6571FB2529B5451B00C3D997 /* Build configuration list for PBXNativeTarget "CoreKit" */;
			buildPhases = (
				6571FB0C29B5451B00C3D997 /* Headers */,
				6571FB0D29B5451B00C3D997 /* Sources */,
				6571FB0E29B5451B00C3D997 /* Frameworks */,
				6571FB0F29B5451B00C3D997 /* Resources */,
			);
			buildRules = (
			);
			dependencies = (
			);
			name = CoreKit;
			packageProductDependencies = (
				6571FB8929B545A200C3D997 /* Alamofire */,
			);
			productName = CoreKit;
			productReference = 6571FB1129B5451B00C3D997 /* CoreKit.framework */;
			productType = "com.apple.product-type.framework";
		};
		6571FB1A29B5451B00C3D997 /* CoreKitTests */ = {
			isa = PBXNativeTarget;
			buildConfigurationList = 6571FB2829B5451B00C3D997 /* Build configuration list for PBXNativeTarget "CoreKitTests" */;
			buildPhases = (
				6571FB1729B5451B00C3D997 /* Sources */,
				6571FB1829B5451B00C3D997 /* Frameworks */,
				6571FB1929B5451B00C3D997 /* Resources */,
			);
			buildRules = (
			);
			dependencies = (
				6571FB1E29B5451B00C3D997 /* PBXTargetDependency */,
			);
			name = CoreKitTests;
			productName = CoreKitTests;
			productReference = 6571FB1B29B5451B00C3D997 /* CoreKitTests.xctest */;
			productType = "com.apple.product-type.bundle.unit-test";
		};
/* End PBXNativeTarget section */

/* Begin PBXProject section */
		6571FB0829B5451B00C3D997 /* Project object */ = {
			isa = PBXProject;
			attributes = {
				BuildIndependentTargetsInParallel = 1;
				LastSwiftUpdateCheck = 1420;
				LastUpgradeCheck = 1420;
				TargetAttributes = {
					6571FB1029B5451B00C3D997 = {
						CreatedOnToolsVersion = 14.2;
					};
					6571FB1A29B5451B00C3D997 = {
						CreatedOnToolsVersion = 14.2;
					};
				};
			};
			buildConfigurationList = 6571FB0B29B5451B00C3D997 /* Build configuration list for PBXProject "CoreKit" */;
			compatibilityVersion = "Xcode 14.0";
			developmentRegion = en;
			hasScannedForEncodings = 0;
			knownRegions = (
				en,
				Base,
			);
			mainGroup = 6571FB0729B5451B00C3D997;
			packageReferences = (
				6571FB8829B545A200C3D997 /* XCRemoteSwiftPackageReference "Alamofire" */,
			);
			productRefGroup = 6571FB1229B5451B00C3D997 /* Products */;
			projectDirPath = "";
			projectRoot = "";
			targets = (
				6571FB1029B5451B00C3D997 /* CoreKit */,
				6571FB1A29B5451B00C3D997 /* CoreKitTests */,
			);
		};
/* End PBXProject section */

/* Begin PBXResourcesBuildPhase section */
		6571FB0F29B5451B00C3D997 /* Resources */ = {
			isa = PBXResourcesBuildPhase;
			buildActionMask = 2147483647;
			files = (
				6571FB7129B5453F00C3D997 /* Rancho-Regular.ttf in Resources */,
				6571FB7529B5453F00C3D997 /* AvenirLTStd-Book.otf in Resources */,
				6571FB7629B5453F00C3D997 /* AvenirLTStd-Roman.otf in Resources */,
				6571FB7329B5453F00C3D997 /* AvenirLTStd-Black.otf in Resources */,
				6571FB7229B5453F00C3D997 /* Avenir-Medium.otf in Resources */,
				6571FB7429B5453F00C3D997 /* Poppins-Regular.ttf in Resources */,
			);
			runOnlyForDeploymentPostprocessing = 0;
		};
		6571FB1929B5451B00C3D997 /* Resources */ = {
			isa = PBXResourcesBuildPhase;
			buildActionMask = 2147483647;
			files = (
			);
			runOnlyForDeploymentPostprocessing = 0;
		};
/* End PBXResourcesBuildPhase section */

/* Begin PBXSourcesBuildPhase section */
		6571FB0D29B5451B00C3D997 /* Sources */ = {
			isa = PBXSourcesBuildPhase;
			buildActionMask = 2147483647;
			files = (
				6571FB6F29B5453F00C3D997 /* ImageConstants.swift in Sources */,
				6571FB7929B5453F00C3D997 /* BaseVC.swift in Sources */,
				6571FB6D29B5453F00C3D997 /* AnimationConstants.swift in Sources */,
				6571FB1629B5451B00C3D997 /* CoreKit.docc in Sources */,
				6571FB7829B5453F00C3D997 /* BaseErrorModel.swift in Sources */,
				6571FB7729B5453F00C3D997 /* BaseLogger.swift in Sources */,
				6571FB6E29B5453F00C3D997 /* CustomAppColor.swift in Sources */,
				6571FB6A29B5453F00C3D997 /* CheckRegexText.swift in Sources */,
				6571FB6C29B5453F00C3D997 /* FontsConstants.swift in Sources */,
				6571FB7029B5453F00C3D997 /* UIView+Extensions.swift in Sources */,
				6571FB6B29B5453F00C3D997 /* NetwrokPaths.swift in Sources */,
			);
			runOnlyForDeploymentPostprocessing = 0;
		};
		6571FB1729B5451B00C3D997 /* Sources */ = {
			isa = PBXSourcesBuildPhase;
			buildActionMask = 2147483647;
			files = (
				6571FB2129B5451B00C3D997 /* CoreKitTests.swift in Sources */,
			);
			runOnlyForDeploymentPostprocessing = 0;
		};
/* End PBXSourcesBuildPhase section */

/* Begin PBXTargetDependency section */
		6571FB1E29B5451B00C3D997 /* PBXTargetDependency */ = {
			isa = PBXTargetDependency;
			target = 6571FB1029B5451B00C3D997 /* CoreKit */;
			targetProxy = 6571FB1D29B5451B00C3D997 /* PBXContainerItemProxy */;
		};
/* End PBXTargetDependency section */

/* Begin XCBuildConfiguration section */
		6571FB2329B5451B00C3D997 /* Debug */ = {
			isa = XCBuildConfiguration;
			buildSettings = {
				ALWAYS_SEARCH_USER_PATHS = NO;
				CLANG_ANALYZER_NONNULL = YES;
				CLANG_ANALYZER_NUMBER_OBJECT_CONVERSION = YES_AGGRESSIVE;
				CLANG_CXX_LANGUAGE_STANDARD = "gnu++20";
				CLANG_ENABLE_MODULES = YES;
				CLANG_ENABLE_OBJC_ARC = YES;
				CLANG_ENABLE_OBJC_WEAK = YES;
				CLANG_WARN_BLOCK_CAPTURE_AUTORELEASING = YES;
				CLANG_WARN_BOOL_CONVERSION = YES;
				CLANG_WARN_COMMA = YES;
				CLANG_WARN_CONSTANT_CONVERSION = YES;
				CLANG_WARN_DEPRECATED_OBJC_IMPLEMENTATIONS = YES;
				CLANG_WARN_DIRECT_OBJC_ISA_USAGE = YES_ERROR;
				CLANG_WARN_DOCUMENTATION_COMMENTS = YES;
				CLANG_WARN_EMPTY_BODY = YES;
				CLANG_WARN_ENUM_CONVERSION = YES;
				CLANG_WARN_INFINITE_RECURSION = YES;
				CLANG_WARN_INT_CONVERSION = YES;
				CLANG_WARN_NON_LITERAL_NULL_CONVERSION = YES;
				CLANG_WARN_OBJC_IMPLICIT_RETAIN_SELF = YES;
				CLANG_WARN_OBJC_LITERAL_CONVERSION = YES;
				CLANG_WARN_OBJC_ROOT_CLASS = YES_ERROR;
				CLANG_WARN_QUOTED_INCLUDE_IN_FRAMEWORK_HEADER = YES;
				CLANG_WARN_RANGE_LOOP_ANALYSIS = YES;
				CLANG_WARN_STRICT_PROTOTYPES = YES;
				CLANG_WARN_SUSPICIOUS_MOVE = YES;
				CLANG_WARN_UNGUARDED_AVAILABILITY = YES_AGGRESSIVE;
				CLANG_WARN_UNREACHABLE_CODE = YES;
				CLANG_WARN__DUPLICATE_METHOD_MATCH = YES;
				COPY_PHASE_STRIP = NO;
				CURRENT_PROJECT_VERSION = 1;
				DEBUG_INFORMATION_FORMAT = dwarf;
				ENABLE_STRICT_OBJC_MSGSEND = YES;
				ENABLE_TESTABILITY = YES;
				GCC_C_LANGUAGE_STANDARD = gnu11;
				GCC_DYNAMIC_NO_PIC = NO;
				GCC_NO_COMMON_BLOCKS = YES;
				GCC_OPTIMIZATION_LEVEL = 0;
				GCC_PREPROCESSOR_DEFINITIONS = (
					"DEBUG=1",
					"$(inherited)",
				);
				GCC_WARN_64_TO_32_BIT_CONVERSION = YES;
				GCC_WARN_ABOUT_RETURN_TYPE = YES_ERROR;
				GCC_WARN_UNDECLARED_SELECTOR = YES;
				GCC_WARN_UNINITIALIZED_AUTOS = YES_AGGRESSIVE;
				GCC_WARN_UNUSED_FUNCTION = YES;
				GCC_WARN_UNUSED_VARIABLE = YES;
				IPHONEOS_DEPLOYMENT_TARGET = 16.2;
				MTL_ENABLE_DEBUG_INFO = INCLUDE_SOURCE;
				MTL_FAST_MATH = YES;
				ONLY_ACTIVE_ARCH = YES;
				SDKROOT = iphoneos;
				SWIFT_ACTIVE_COMPILATION_CONDITIONS = DEBUG;
				SWIFT_OPTIMIZATION_LEVEL = "-Onone";
				VERSIONING_SYSTEM = "apple-generic";
				VERSION_INFO_PREFIX = "";
			};
			name = Debug;
		};
		6571FB2429B5451B00C3D997 /* Release */ = {
			isa = XCBuildConfiguration;
			buildSettings = {
				ALWAYS_SEARCH_USER_PATHS = NO;
				CLANG_ANALYZER_NONNULL = YES;
				CLANG_ANALYZER_NUMBER_OBJECT_CONVERSION = YES_AGGRESSIVE;
				CLANG_CXX_LANGUAGE_STANDARD = "gnu++20";
				CLANG_ENABLE_MODULES = YES;
				CLANG_ENABLE_OBJC_ARC = YES;
				CLANG_ENABLE_OBJC_WEAK = YES;
				CLANG_WARN_BLOCK_CAPTURE_AUTORELEASING = YES;
				CLANG_WARN_BOOL_CONVERSION = YES;
				CLANG_WARN_COMMA = YES;
				CLANG_WARN_CONSTANT_CONVERSION = YES;
				CLANG_WARN_DEPRECATED_OBJC_IMPLEMENTATIONS = YES;
				CLANG_WARN_DIRECT_OBJC_ISA_USAGE = YES_ERROR;
				CLANG_WARN_DOCUMENTATION_COMMENTS = YES;
				CLANG_WARN_EMPTY_BODY = YES;
				CLANG_WARN_ENUM_CONVERSION = YES;
				CLANG_WARN_INFINITE_RECURSION = YES;
				CLANG_WARN_INT_CONVERSION = YES;
				CLANG_WARN_NON_LITERAL_NULL_CONVERSION = YES;
				CLANG_WARN_OBJC_IMPLICIT_RETAIN_SELF = YES;
				CLANG_WARN_OBJC_LITERAL_CONVERSION = YES;
				CLANG_WARN_OBJC_ROOT_CLASS = YES_ERROR;
				CLANG_WARN_QUOTED_INCLUDE_IN_FRAMEWORK_HEADER = YES;
				CLANG_WARN_RANGE_LOOP_ANALYSIS = YES;
				CLANG_WARN_STRICT_PROTOTYPES = YES;
				CLANG_WARN_SUSPICIOUS_MOVE = YES;
				CLANG_WARN_UNGUARDED_AVAILABILITY = YES_AGGRESSIVE;
				CLANG_WARN_UNREACHABLE_CODE = YES;
				CLANG_WARN__DUPLICATE_METHOD_MATCH = YES;
				COPY_PHASE_STRIP = NO;
				CURRENT_PROJECT_VERSION = 1;
				DEBUG_INFORMATION_FORMAT = "dwarf-with-dsym";
				ENABLE_NS_ASSERTIONS = NO;
				ENABLE_STRICT_OBJC_MSGSEND = YES;
				GCC_C_LANGUAGE_STANDARD = gnu11;
				GCC_NO_COMMON_BLOCKS = YES;
				GCC_WARN_64_TO_32_BIT_CONVERSION = YES;
				GCC_WARN_ABOUT_RETURN_TYPE = YES_ERROR;
				GCC_WARN_UNDECLARED_SELECTOR = YES;
				GCC_WARN_UNINITIALIZED_AUTOS = YES_AGGRESSIVE;
				GCC_WARN_UNUSED_FUNCTION = YES;
				GCC_WARN_UNUSED_VARIABLE = YES;
				IPHONEOS_DEPLOYMENT_TARGET = 16.2;
				MTL_ENABLE_DEBUG_INFO = NO;
				MTL_FAST_MATH = YES;
				SDKROOT = iphoneos;
				SWIFT_COMPILATION_MODE = wholemodule;
				SWIFT_OPTIMIZATION_LEVEL = "-O";
				VALIDATE_PRODUCT = YES;
				VERSIONING_SYSTEM = "apple-generic";
				VERSION_INFO_PREFIX = "";
			};
			name = Release;
		};
		6571FB2629B5451B00C3D997 /* Debug */ = {
			isa = XCBuildConfiguration;
			buildSettings = {
				CODE_SIGN_STYLE = Automatic;
				CURRENT_PROJECT_VERSION = 1;
				DEFINES_MODULE = YES;
				DEVELOPMENT_TEAM = UUB7XUTT6S;
				DYLIB_COMPATIBILITY_VERSION = 1;
				DYLIB_CURRENT_VERSION = 1;
				DYLIB_INSTALL_NAME_BASE = "@rpath";
				GENERATE_INFOPLIST_FILE = YES;
				INFOPLIST_KEY_NSHumanReadableCopyright = "";
				INSTALL_PATH = "$(LOCAL_LIBRARY_DIR)/Frameworks";
				LD_RUNPATH_SEARCH_PATHS = (
					"$(inherited)",
					"@executable_path/Frameworks",
					"@loader_path/Frameworks",
				);
				MARKETING_VERSION = 1.0;
				PRODUCT_BUNDLE_IDENTIFIER = com.ferhatiltas.CoreKit;
				PRODUCT_NAME = "$(TARGET_NAME:c99extidentifier)";
				SKIP_INSTALL = YES;
				SWIFT_EMIT_LOC_STRINGS = YES;
				SWIFT_VERSION = 5.0;
				TARGETED_DEVICE_FAMILY = "1,2";
			};
			name = Debug;
		};
		6571FB2729B5451B00C3D997 /* Release */ = {
			isa = XCBuildConfiguration;
			buildSettings = {
				CODE_SIGN_STYLE = Automatic;
				CURRENT_PROJECT_VERSION = 1;
				DEFINES_MODULE = YES;
				DEVELOPMENT_TEAM = UUB7XUTT6S;
				DYLIB_COMPATIBILITY_VERSION = 1;
				DYLIB_CURRENT_VERSION = 1;
				DYLIB_INSTALL_NAME_BASE = "@rpath";
				GENERATE_INFOPLIST_FILE = YES;
				INFOPLIST_KEY_NSHumanReadableCopyright = "";
				INSTALL_PATH = "$(LOCAL_LIBRARY_DIR)/Frameworks";
				LD_RUNPATH_SEARCH_PATHS = (
					"$(inherited)",
					"@executable_path/Frameworks",
					"@loader_path/Frameworks",
				);
				MARKETING_VERSION = 1.0;
				PRODUCT_BUNDLE_IDENTIFIER = com.ferhatiltas.CoreKit;
				PRODUCT_NAME = "$(TARGET_NAME:c99extidentifier)";
				SKIP_INSTALL = YES;
				SWIFT_EMIT_LOC_STRINGS = YES;
				SWIFT_VERSION = 5.0;
				TARGETED_DEVICE_FAMILY = "1,2";
			};
			name = Release;
		};
		6571FB2929B5451B00C3D997 /* Debug */ = {
			isa = XCBuildConfiguration;
			buildSettings = {
				ALWAYS_EMBED_SWIFT_STANDARD_LIBRARIES = YES;
				CODE_SIGN_STYLE = Automatic;
				CURRENT_PROJECT_VERSION = 1;
				DEVELOPMENT_TEAM = UUB7XUTT6S;
				GENERATE_INFOPLIST_FILE = YES;
				MARKETING_VERSION = 1.0;
				PRODUCT_BUNDLE_IDENTIFIER = com.ferhatiltas.CoreKitTests;
				PRODUCT_NAME = "$(TARGET_NAME)";
				SWIFT_EMIT_LOC_STRINGS = NO;
				SWIFT_VERSION = 5.0;
				TARGETED_DEVICE_FAMILY = "1,2";
			};
			name = Debug;
		};
		6571FB2A29B5451B00C3D997 /* Release */ = {
			isa = XCBuildConfiguration;
			buildSettings = {
				ALWAYS_EMBED_SWIFT_STANDARD_LIBRARIES = YES;
				CODE_SIGN_STYLE = Automatic;
				CURRENT_PROJECT_VERSION = 1;
				DEVELOPMENT_TEAM = UUB7XUTT6S;
				GENERATE_INFOPLIST_FILE = YES;
				MARKETING_VERSION = 1.0;
				PRODUCT_BUNDLE_IDENTIFIER = com.ferhatiltas.CoreKitTests;
				PRODUCT_NAME = "$(TARGET_NAME)";
				SWIFT_EMIT_LOC_STRINGS = NO;
				SWIFT_VERSION = 5.0;
				TARGETED_DEVICE_FAMILY = "1,2";
			};
			name = Release;
		};
/* End XCBuildConfiguration section */

/* Begin XCConfigurationList section */
		6571FB0B29B5451B00C3D997 /* Build configuration list for PBXProject "CoreKit" */ = {
			isa = XCConfigurationList;
			buildConfigurations = (
				6571FB2329B5451B00C3D997 /* Debug */,
				6571FB2429B5451B00C3D997 /* Release */,
			);
			defaultConfigurationIsVisible = 0;
			defaultConfigurationName = Release;
		};
		6571FB2529B5451B00C3D997 /* Build configuration list for PBXNativeTarget "CoreKit" */ = {
			isa = XCConfigurationList;
			buildConfigurations = (
				6571FB2629B5451B00C3D997 /* Debug */,
				6571FB2729B5451B00C3D997 /* Release */,
			);
			defaultConfigurationIsVisible = 0;
			defaultConfigurationName = Release;
		};
		6571FB2829B5451B00C3D997 /* Build configuration list for PBXNativeTarget "CoreKitTests" */ = {
			isa = XCConfigurationList;
			buildConfigurations = (
				6571FB2929B5451B00C3D997 /* Debug */,
				6571FB2A29B5451B00C3D997 /* Release */,
			);
			defaultConfigurationIsVisible = 0;
			defaultConfigurationName = Release;
		};
/* End XCConfigurationList section */

/* Begin XCRemoteSwiftPackageReference section */
		6571FB8829B545A200C3D997 /* XCRemoteSwiftPackageReference "Alamofire" */ = {
			isa = XCRemoteSwiftPackageReference;
			repositoryURL = "https://github.com/Alamofire/Alamofire.git";
			requirement = {
				branch = master;
				kind = branch;
			};
		};
/* End XCRemoteSwiftPackageReference section */

/* Begin XCSwiftPackageProductDependency section */
		6571FB8929B545A200C3D997 /* Alamofire */ = {
			isa = XCSwiftPackageProductDependency;
			package = 6571FB8829B545A200C3D997 /* XCRemoteSwiftPackageReference "Alamofire" */;
			productName = Alamofire;
		};
/* End XCSwiftPackageProductDependency section */
	};
	rootObject = 6571FB0829B5451B00C3D997 /* Project object */;
}
